
Microsoft Visual Studio Solution File, Format Version 12.00
# Visual Studio Version 17
VisualStudioVersion = 17.2.32616.157
MinimumVisualStudioVersion = 10.0.40219.1
Project("{FAE04EC0-301F-11D3-BF4B-00C04F79EFBC}") = "MISA.APIS.Infrastructure", "MISA.APIS.Infrastructure\MISA.APIS.Infrastructure.csproj", "{6CDF5467-23BF-4BD9-A977-8B525EA5D080}"
EndProject
Global
	GlobalSection(SolutionConfigurationPlatforms) = preSolution
		Debug|Any CPU = Debug|Any CPU
		Release|Any CPU = Release|Any CPU
	EndGlobalSection
	GlobalSection(ProjectConfigurationPlatforms) = postSolution
		{6CDF5467-23BF-4BD9-A977-8B525EA5D080}.Debug|Any CPU.ActiveCfg = Debug|Any CPU
		{6CDF5467-23BF-4BD9-A977-8B525EA5D080}.Debug|Any CPU.Build.0 = Debug|Any CPU
		{6CDF5467-23BF-4BD9-A977-8B525EA5D080}.Release|Any CPU.ActiveCfg = Release|Any CPU
		{6CDF5467-23BF-4BD9-A977-8B525EA5D080}.Release|Any CPU.Build.0 = Release|Any CPU
	EndGlobalSection
	GlobalSection(SolutionProperties) = preSolution
		HideSolutionNode = FALSE
	EndGlobalSection
	GlobalSection(ExtensibilityGlobals) = postSolution
		SolutionGuid = {8547D482-6C7D-4720-8AFC-3DF74DD86A79}
	EndGlobalSection
EndGlobal
