
Microsoft Visual Studio Solution File, Format Version 12.00
# Visual Studio Version 17
VisualStudioVersion = 17.2.32616.157
MinimumVisualStudioVersion = 10.0.40219.1
Project("{9A19103F-16F7-4668-BE54-9A1E7A4F7556}") = "MISA.APIS.Api", "MISA.APIS.Api\MISA.APIS.Api.csproj", "{E8BE7A42-AA54-4F8D-8162-9A54CDFC8EB7}"
EndProject
Project("{9A19103F-16F7-4668-BE54-9A1E7A4F7556}") = "MISA.APIS.Core", "..\MISA.APIS.Core\MISA.APIS.Core\MISA.APIS.Core.csproj", "{356BD0C0-F5ED-4A5E-BBEE-F02F4F6AE711}"
EndProject
Project("{9A19103F-16F7-4668-BE54-9A1E7A4F7556}") = "MISA.APIS.Infrastructure", "..\MISA.APIS.Infrastructure\MISA.APIS.Infrastructure\MISA.APIS.Infrastructure.csproj", "{2ADCF5EF-986B-442B-85F2-1FAB4D9EF79F}"
EndProject
Global
	GlobalSection(SolutionConfigurationPlatforms) = preSolution
		Debug|Any CPU = Debug|Any CPU
		Release|Any CPU = Release|Any CPU
	EndGlobalSection
	GlobalSection(ProjectConfigurationPlatforms) = postSolution
		{E8BE7A42-AA54-4F8D-8162-9A54CDFC8EB7}.Debug|Any CPU.ActiveCfg = Debug|Any CPU
		{E8BE7A42-AA54-4F8D-8162-9A54CDFC8EB7}.Debug|Any CPU.Build.0 = Debug|Any CPU
		{E8BE7A42-AA54-4F8D-8162-9A54CDFC8EB7}.Release|Any CPU.ActiveCfg = Release|Any CPU
		{E8BE7A42-AA54-4F8D-8162-9A54CDFC8EB7}.Release|Any CPU.Build.0 = Release|Any CPU
		{356BD0C0-F5ED-4A5E-BBEE-F02F4F6AE711}.Debug|Any CPU.ActiveCfg = Debug|Any CPU
		{356BD0C0-F5ED-4A5E-BBEE-F02F4F6AE711}.Debug|Any CPU.Build.0 = Debug|Any CPU
		{356BD0C0-F5ED-4A5E-BBEE-F02F4F6AE711}.Release|Any CPU.ActiveCfg = Release|Any CPU
		{356BD0C0-F5ED-4A5E-BBEE-F02F4F6AE711}.Release|Any CPU.Build.0 = Release|Any CPU
		{2ADCF5EF-986B-442B-85F2-1FAB4D9EF79F}.Debug|Any CPU.ActiveCfg = Debug|Any CPU
		{2ADCF5EF-986B-442B-85F2-1FAB4D9EF79F}.Debug|Any CPU.Build.0 = Debug|Any CPU
		{2ADCF5EF-986B-442B-85F2-1FAB4D9EF79F}.Release|Any CPU.ActiveCfg = Release|Any CPU
		{2ADCF5EF-986B-442B-85F2-1FAB4D9EF79F}.Release|Any CPU.Build.0 = Release|Any CPU
	EndGlobalSection
	GlobalSection(SolutionProperties) = preSolution
		HideSolutionNode = FALSE
	EndGlobalSection
	GlobalSection(ExtensibilityGlobals) = postSolution
		SolutionGuid = {C608BB7A-746A-469E-8625-BB99E3177F63}
	EndGlobalSection
EndGlobal
